# This file is automatically @generated by Cargo.
# It is not intended for manual editing.
version = 4

[[package]]
name = "npu-cli"
version = "0.1.0"
dependencies = [
 "npu-sdk",
]

[[package]]
name = "npu-core"
version = "0.1.0"

[[package]]
name = "npu-ort"
version = "0.1.0"
dependencies = [
 "npu-core",
]

[[package]]
name = "npu-qnn"
version = "0.1.0"
dependencies = [
 "npu-core",
 "npu-ort",
]

[[package]]
name = "npu-sdk"
version = "0.1.0"
dependencies = [
 "npu-core",
 "npu-ort",
 "npu-qnn",
 "npu-tasks",
]

[[package]]
name = "npu-server"
version = "0.1.0"
dependencies = [
 "npu-sdk",
]

[[package]]
name = "npu-tasks"
version = "0.1.0"
dependencies = [
 "npu-core",
]
